// !$*UTF8*$!
{
	archiveVersion = 1;
	classes = {
	};
	objectVersion = 48;
	objects = {

/* Begin PBXBuildFile section */
		4E35AF7F1F05067B0007B209 /* AppDelegate.swift in Sources */ = {isa = PBXBuildFile; fileRef = 4E35AF7E1F05067B0007B209 /* AppDelegate.swift */; };
		4E35AF811F05067B0007B209 /* ViewController.swift in Sources */ = {isa = PBXBuildFile; fileRef = 4E35AF801F05067B0007B209 /* ViewController.swift */; };
		4E35AF841F05067B0007B209 /* Main.storyboard in Resources */ = {isa = PBXBuildFile; fileRef = 4E35AF821F05067B0007B209 /* Main.storyboard */; };
		4E35AF861F05067B0007B209 /* Assets.xcassets in Resources */ = {isa = PBXBuildFile; fileRef = 4E35AF851F05067B0007B209 /* Assets.xcassets */; };
		4E35AF891F05067B0007B209 /* LaunchScreen.storyboard in Resources */ = {isa = PBXBuildFile; fileRef = 4E35AF871F05067B0007B209 /* LaunchScreen.storyboard */; };
		4E35AF941F05067C0007B209 /* SaveTheKittensTests.swift in Sources */ = {isa = PBXBuildFile; fileRef = 4E35AF931F05067C0007B209 /* SaveTheKittensTests.swift */; };
		4E35AF9F1F05067C0007B209 /* SaveTheKittensUITests.swift in Sources */ = {isa = PBXBuildFile; fileRef = 4E35AF9E1F05067C0007B209 /* SaveTheKittensUITests.swift */; };
/* End PBXBuildFile section */

/* Begin PBXContainerItemProxy section */
		4E35AF901F05067C0007B209 /* PBXContainerItemProxy */ = {
			isa = PBXContainerItemProxy;
			containerPortal = 4E35AF731F05067B0007B209 /* Project object */;
			proxyType = 1;
			remoteGlobalIDString = 4E35AF7A1F05067B0007B209;
			remoteInfo = SaveTheKittens;
		};
		4E35AF9B1F05067C0007B209 /* PBXContainerItemProxy */ = {
			isa = PBXContainerItemProxy;
			containerPortal = 4E35AF731F05067B0007B209 /* Project object */;
			proxyType = 1;
			remoteGlobalIDString = 4E35AF7A1F05067B0007B209;
			remoteInfo = SaveTheKittens;
		};
/* End PBXContainerItemProxy section */

/* Begin PBXFileReference section */
		4E35AF7B1F05067B0007B209 /* SaveTheKittens.app */ = {isa = PBXFileReference; explicitFileType = wrapper.application; includeInIndex = 0; path = SaveTheKittens.app; sourceTree = BUILT_PRODUCTS_DIR; };
		4E35AF7E1F05067B0007B209 /* AppDelegate.swift */ = {isa = PBXFileReference; lastKnownFileType = sourcecode.swift; path = AppDelegate.swift; sourceTree = "<group>"; };
		4E35AF801F05067B0007B209 /* ViewController.swift */ = {isa = PBXFileReference; lastKnownFileType = sourcecode.swift; path = ViewController.swift; sourceTree = "<group>"; };
		4E35AF831F05067B0007B209 /* Base */ = {isa = PBXFileReference; lastKnownFileType = file.storyboard; name = Base; path = Base.lproj/Main.storyboard; sourceTree = "<group>"; };
		4E35AF851F05067B0007B209 /* Assets.xcassets */ = {isa = PBXFileReference; lastKnownFileType = folder.assetcatalog; path = Assets.xcassets; sourceTree = "<group>"; };
		4E35AF881F05067B0007B209 /* Base */ = {isa = PBXFileReference; lastKnownFileType = file.storyboard; name = Base; path = Base.lproj/LaunchScreen.storyboard; sourceTree = "<group>"; };
		4E35AF8A1F05067B0007B209 /* Info.plist */ = {isa = PBXFileReference; lastKnownFileType = text.plist.xml; path = Info.plist; sourceTree = "<group>"; };
		4E35AF8F1F05067C0007B209 /* SaveTheKittensTests.xctest */ = {isa = PBXFileReference; explicitFileType = wrapper.cfbundle; includeInIndex = 0; path = SaveTheKittensTests.xctest; sourceTree = BUILT_PRODUCTS_DIR; };
		4E35AF931F05067C0007B209 /* SaveTheKittensTests.swift */ = {isa = PBXFileReference; lastKnownFileType = sourcecode.swift; path = SaveTheKittensTests.swift; sourceTree = "<group>"; };
		4E35AF951F05067C0007B209 /* Info.plist */ = {isa = PBXFileReference; lastKnownFileType = text.plist.xml; path = Info.plist; sourceTree = "<group>"; };
		4E35AF9A1F05067C0007B209 /* SaveTheKittensUITests.xctest */ = {isa = PBXFileReference; explicitFileType = wrapper.cfbundle; includeInIndex = 0; path = SaveTheKittensUITests.xctest; sourceTree = BUILT_PRODUCTS_DIR; };
		4E35AF9E1F05067C0007B209 /* SaveTheKittensUITests.swift */ = {isa = PBXFileReference; lastKnownFileType = sourcecode.swift; path = SaveTheKittensUITests.swift; sourceTree = "<group>"; };
		4E35AFA01F05067C0007B209 /* Info.plist */ = {isa = PBXFileReference; lastKnownFileType = text.plist.xml; path = Info.plist; sourceTree = "<group>"; };
/* End PBXFileReference section */

/* Begin PBXFrameworksBuildPhase section */
		4E35AF781F05067B0007B209 /* Frameworks */ = {
			isa = PBXFrameworksBuildPhase;
			buildActionMask = 2147483647;
			files = (
			);
			runOnlyForDeploymentPostprocessing = 0;
		};
		4E35AF8C1F05067C0007B209 /* Frameworks */ = {
			isa = PBXFrameworksBuildPhase;
			buildActionMask = 2147483647;
			files = (
			);
			runOnlyForDeploymentPostprocessing = 0;
		};
		4E35AF971F05067C0007B209 /* Frameworks */ = {
			isa = PBXFrameworksBuildPhase;
			buildActionMask = 2147483647;
			files = (
			);
			runOnlyForDeploymentPostprocessing = 0;
		};
/* End PBXFrameworksBuildPhase section */

/* Begin PBXGroup section */
		4E35AF721F05067B0007B209 = {
			isa = PBXGroup;
			children = (
				4E35AF7D1F05067B0007B209 /* SaveTheKittens */,
				4E35AF921F05067C0007B209 /* SaveTheKittensTests */,
				4E35AF9D1F05067C0007B209 /* SaveTheKittensUITests */,
				4E35AF7C1F05067B0007B209 /* Products */,
			);
			sourceTree = "<group>";
		};
		4E35AF7C1F05067B0007B209 /* Products */ = {
			isa = PBXGroup;
			children = (
				4E35AF7B1F05067B0007B209 /* SaveTheKittens.app */,
				4E35AF8F1F05067C0007B209 /* SaveTheKittensTests.xctest */,
				4E35AF9A1F05067C0007B209 /* SaveTheKittensUITests.xctest */,
			);
			name = Products;
			sourceTree = "<group>";
		};
		4E35AF7D1F05067B0007B209 /* SaveTheKittens */ = {
			isa = PBXGroup;
			children = (
				4E35AF7E1F05067B0007B209 /* AppDelegate.swift */,
				4E35AF801F05067B0007B209 /* ViewController.swift */,
				4E35AF821F05067B0007B209 /* Main.storyboard */,
				4E35AF851F05067B0007B209 /* Assets.xcassets */,
				4E35AF871F05067B0007B209 /* LaunchScreen.storyboard */,
				4E35AF8A1F05067B0007B209 /* Info.plist */,
			);
			path = SaveTheKittens;
			sourceTree = "<group>";
		};
		4E35AF921F05067C0007B209 /* SaveTheKittensTests */ = {
			isa = PBXGroup;
			children = (
				4E35AF931F05067C0007B209 /* SaveTheKittensTests.swift */,
				4E35AF951F05067C0007B209 /* Info.plist */,
			);
			path = SaveTheKittensTests;
			sourceTree = "<group>";
		};
		4E35AF9D1F05067C0007B209 /* SaveTheKittensUITests */ = {
			isa = PBXGroup;
			children = (
				4E35AF9E1F05067C0007B209 /* SaveTheKittensUITests.swift */,
				4E35AFA01F05067C0007B209 /* Info.plist */,
			);
			path = SaveTheKittensUITests;
			sourceTree = "<group>";
		};
/* End PBXGroup section */

/* Begin PBXNativeTarget section */
		4E35AF7A1F05067B0007B209 /* SaveTheKittens */ = {
			isa = PBXNativeTarget;
			buildConfigurationList = 4E35AFA31F05067C0007B209 /* Build configuration list for PBXNativeTarget "SaveTheKittens" */;
			buildPhases = (
				4E35AF771F05067B0007B209 /* Sources */,
				4E35AF781F05067B0007B209 /* Frameworks */,
				4E35AF791F05067B0007B209 /* Resources */,
			);
			buildRules = (
			);
			dependencies = (
			);
			name = SaveTheKittens;
			productName = SaveTheKittens;
			productReference = 4E35AF7B1F05067B0007B209 /* SaveTheKittens.app */;
			productType = "com.apple.product-type.application";
		};
		4E35AF8E1F05067C0007B209 /* SaveTheKittensTests */ = {
			isa = PBXNativeTarget;
			buildConfigurationList = 4E35AFA61F05067C0007B209 /* Build configuration list for PBXNativeTarget "SaveTheKittensTests" */;
			buildPhases = (
				4E35AF8B1F05067C0007B209 /* Sources */,
				4E35AF8C1F05067C0007B209 /* Frameworks */,
				4E35AF8D1F05067C0007B209 /* Resources */,
			);
			buildRules = (
			);
			dependencies = (
				4E35AF911F05067C0007B209 /* PBXTargetDependency */,
			);
			name = SaveTheKittensTests;
			productName = SaveTheKittensTests;
			productReference = 4E35AF8F1F05067C0007B209 /* SaveTheKittensTests.xctest */;
			productType = "com.apple.product-type.bundle.unit-test";
		};
		4E35AF991F05067C0007B209 /* SaveTheKittensUITests */ = {
			isa = PBXNativeTarget;
			buildConfigurationList = 4E35AFA91F05067C0007B209 /* Build configuration list for PBXNativeTarget "SaveTheKittensUITests" */;
			buildPhases = (
				4E35AF961F05067C0007B209 /* Sources */,
				4E35AF971F05067C0007B209 /* Frameworks */,
				4E35AF981F05067C0007B209 /* Resources */,
			);
			buildRules = (
			);
			dependencies = (
				4E35AF9C1F05067C0007B209 /* PBXTargetDependency */,
			);
			name = SaveTheKittensUITests;
			productName = SaveTheKittensUITests;
			productReference = 4E35AF9A1F05067C0007B209 /* SaveTheKittensUITests.xctest */;
			productType = "com.apple.product-type.bundle.ui-testing";
		};
/* End PBXNativeTarget section */

/* Begin PBXProject section */
		4E35AF731F05067B0007B209 /* Project object */ = {
			isa = PBXProject;
			attributes = {
				LastSwiftUpdateCheck = 0900;
				LastUpgradeCheck = 0900;
				ORGANIZATIONNAME = "Promwat A.";
				TargetAttributes = {
					4E35AF7A1F05067B0007B209 = {
						CreatedOnToolsVersion = 9.0;
					};
					4E35AF8E1F05067C0007B209 = {
						CreatedOnToolsVersion = 9.0;
						TestTargetID = 4E35AF7A1F05067B0007B209;
					};
					4E35AF991F05067C0007B209 = {
						CreatedOnToolsVersion = 9.0;
						TestTargetID = 4E35AF7A1F05067B0007B209;
					};
				};
			};
			buildConfigurationList = 4E35AF761F05067B0007B209 /* Build configuration list for PBXProject "SaveTheKittens" */;
			compatibilityVersion = "Xcode 8.0";
			developmentRegion = en;
			hasScannedForEncodings = 0;
			knownRegions = (
				en,
				Base,
			);
			mainGroup = 4E35AF721F05067B0007B209;
			productRefGroup = 4E35AF7C1F05067B0007B209 /* Products */;
			projectDirPath = "";
			projectRoot = "";
			targets = (
				4E35AF7A1F05067B0007B209 /* SaveTheKittens */,
				4E35AF8E1F05067C0007B209 /* SaveTheKittensTests */,
				4E35AF991F05067C0007B209 /* SaveTheKittensUITests */,
			);
		};
/* End PBXProject section */

/* Begin PBXResourcesBuildPhase section */
		4E35AF791F05067B0007B209 /* Resources */ = {
			isa = PBXResourcesBuildPhase;
			buildActionMask = 2147483647;
			files = (
				4E35AF891F05067B0007B209 /* LaunchScreen.storyboard in Resources */,
				4E35AF861F05067B0007B209 /* Assets.xcassets in Resources */,
				4E35AF841F05067B0007B209 /* Main.storyboard in Resources */,
			);
			runOnlyForDeploymentPostprocessing = 0;
		};
		4E35AF8D1F05067C0007B209 /* Resources */ = {
			isa = PBXResourcesBuildPhase;
			buildActionMask = 2147483647;
			files = (
			);
			runOnlyForDeploymentPostprocessing = 0;
		};
		4E35AF981F05067C0007B209 /* Resources */ = {
			isa = PBXResourcesBuildPhase;
			buildActionMask = 2147483647;
			files = (
			);
			runOnlyForDeploymentPostprocessing = 0;
		};
/* End PBXResourcesBuildPhase section */

/* Begin PBXSourcesBuildPhase section */
		4E35AF771F05067B0007B209 /* Sources */ = {
			isa = PBXSourcesBuildPhase;
			buildActionMask = 2147483647;
			files = (
				4E35AF811F05067B0007B209 /* ViewController.swift in Sources */,
				4E35AF7F1F05067B0007B209 /* AppDelegate.swift in Sources */,
			);
			runOnlyForDeploymentPostprocessing = 0;
		};
		4E35AF8B1F05067C0007B209 /* Sources */ = {
			isa = PBXSourcesBuildPhase;
			buildActionMask = 2147483647;
			files = (
				4E35AF941F05067C0007B209 /* SaveTheKittensTests.swift in Sources */,
			);
			runOnlyForDeploymentPostprocessing = 0;
		};
		4E35AF961F05067C0007B209 /* Sources */ = {
			isa = PBXSourcesBuildPhase;
			buildActionMask = 2147483647;
			files = (
				4E35AF9F1F05067C0007B209 /* SaveTheKittensUITests.swift in Sources */,
			);
			runOnlyForDeploymentPostprocessing = 0;
		};
/* End PBXSourcesBuildPhase section */

/* Begin PBXTargetDependency section */
		4E35AF911F05067C0007B209 /* PBXTargetDependency */ = {
			isa = PBXTargetDependency;
			target = 4E35AF7A1F05067B0007B209 /* SaveTheKittens */;
			targetProxy = 4E35AF901F05067C0007B209 /* PBXContainerItemProxy */;
		};
		4E35AF9C1F05067C0007B209 /* PBXTargetDependency */ = {
			isa = PBXTargetDependency;
			target = 4E35AF7A1F05067B0007B209 /* SaveTheKittens */;
			targetProxy = 4E35AF9B1F05067C0007B209 /* PBXContainerItemProxy */;
		};
/* End PBXTargetDependency section */

/* Begin PBXVariantGroup section */
		4E35AF821F05067B0007B209 /* Main.storyboard */ = {
			isa = PBXVariantGroup;
			children = (
				4E35AF831F05067B0007B209 /* Base */,
			);
			name = Main.storyboard;
			sourceTree = "<group>";
		};
		4E35AF871F05067B0007B209 /* LaunchScreen.storyboard */ = {
			isa = PBXVariantGroup;
			children = (
				4E35AF881F05067B0007B209 /* Base */,
			);
			name = LaunchScreen.storyboard;
			sourceTree = "<group>";
		};
/* End PBXVariantGroup section */

/* Begin XCBuildConfiguration section */
		4E35AFA11F05067C0007B209 /* Debug */ = {
			isa = XCBuildConfiguration;
			buildSettings = {
				ALWAYS_SEARCH_USER_PATHS = NO;
				CLANG_ANALYZER_NONNULL = YES;
				CLANG_ANALYZER_NUMBER_OBJECT_CONVERSION = YES_AGGRESSIVE;
				CLANG_CXX_LANGUAGE_STANDARD = "gnu++14";
				CLANG_CXX_LIBRARY = "libc++";
				CLANG_ENABLE_MODULES = YES;
				CLANG_ENABLE_OBJC_ARC = YES;
				CLANG_WARN_BLOCK_CAPTURE_AUTORELEASING = YES;
				CLANG_WARN_BOOL_CONVERSION = YES;
				CLANG_WARN_COMMA = YES;
				CLANG_WARN_CONSTANT_CONVERSION = YES;
				CLANG_WARN_DIRECT_OBJC_ISA_USAGE = YES_ERROR;
				CLANG_WARN_DOCUMENTATION_COMMENTS = YES;
				CLANG_WARN_EMPTY_BODY = YES;
				CLANG_WARN_ENUM_CONVERSION = YES;
				CLANG_WARN_INFINITE_RECURSION = YES;
				CLANG_WARN_INT_CONVERSION = YES;
				CLANG_WARN_OBJC_ROOT_CLASS = YES_ERROR;
				CLANG_WARN_RANGE_LOOP_ANALYSIS = YES;
				CLANG_WARN_STRICT_PROTOTYPES = YES;
				CLANG_WARN_SUSPICIOUS_MOVE = YES;
				CLANG_WARN_UNGUARDED_AVAILABILITY = YES_AGGRESSIVE;
				CLANG_WARN_UNREACHABLE_CODE = YES;
				CLANG_WARN__DUPLICATE_METHOD_MATCH = YES;
				CODE_SIGN_IDENTITY = "iPhone Developer";
				COPY_PHASE_STRIP = NO;
				DEBUG_INFORMATION_FORMAT = dwarf;
				ENABLE_STRICT_OBJC_MSGSEND = YES;
				ENABLE_TESTABILITY = YES;
				GCC_C_LANGUAGE_STANDARD = gnu11;
				GCC_DYNAMIC_NO_PIC = NO;
				GCC_NO_COMMON_BLOCKS = YES;
				GCC_OPTIMIZATION_LEVEL = 0;
				GCC_PREPROCESSOR_DEFINITIONS = (
					"DEBUG=1",
					"$(inherited)",
				);
				GCC_WARN_64_TO_32_BIT_CONVERSION = YES;
				GCC_WARN_ABOUT_RETURN_TYPE = YES_ERROR;
				GCC_WARN_UNDECLARED_SELECTOR = YES;
				GCC_WARN_UNINITIALIZED_AUTOS = YES_AGGRESSIVE;
				GCC_WARN_UNUSED_FUNCTION = YES;
				GCC_WARN_UNUSED_VARIABLE = YES;
				IPHONEOS_DEPLOYMENT_TARGET = 11.0;
				MTL_ENABLE_DEBUG_INFO = YES;
				ONLY_ACTIVE_ARCH = YES;
				SDKROOT = iphoneos;
				SWIFT_ACTIVE_COMPILATION_CONDITIONS = DEBUG;
				SWIFT_OPTIMIZATION_LEVEL = "-Onone";
			};
			name = Debug;
		};
		4E35AFA21F05067C0007B209 /* Release */ = {
			isa = XCBuildConfiguration;
			buildSettings = {
				ALWAYS_SEARCH_USER_PATHS = NO;
				CLANG_ANALYZER_NONNULL = YES;
				CLANG_ANALYZER_NUMBER_OBJECT_CONVERSION = YES_AGGRESSIVE;
				CLANG_CXX_LANGUAGE_STANDARD = "gnu++14";
				CLANG_CXX_LIBRARY = "libc++";
				CLANG_ENABLE_MODULES = YES;
				CLANG_ENABLE_OBJC_ARC = YES;
				CLANG_WARN_BLOCK_CAPTURE_AUTORELEASING = YES;
				CLANG_WARN_BOOL_CONVERSION = YES;
				CLANG_WARN_COMMA = YES;
				CLANG_WARN_CONSTANT_CONVERSION = YES;
				CLANG_WARN_DIRECT_OBJC_ISA_USAGE = YES_ERROR;
				CLANG_WARN_DOCUMENTATION_COMMENTS = YES;
				CLANG_WARN_EMPTY_BODY = YES;
				CLANG_WARN_ENUM_CONVERSION = YES;
				CLANG_WARN_INFINITE_RECURSION = YES;
				CLANG_WARN_INT_CONVERSION = YES;
				CLANG_WARN_OBJC_ROOT_CLASS = YES_ERROR;
				CLANG_WARN_RANGE_LOOP_ANALYSIS = YES;
				CLANG_WARN_STRICT_PROTOTYPES = YES;
				CLANG_WARN_SUSPICIOUS_MOVE = YES;
				CLANG_WARN_UNGUARDED_AVAILABILITY = YES_AGGRESSIVE;
				CLANG_WARN_UNREACHABLE_CODE = YES;
				CLANG_WARN__DUPLICATE_METHOD_MATCH = YES;
				CODE_SIGN_IDENTITY = "iPhone Developer";
				COPY_PHASE_STRIP = NO;
				DEBUG_INFORMATION_FORMAT = "dwarf-with-dsym";
				ENABLE_NS_ASSERTIONS = NO;
				ENABLE_STRICT_OBJC_MSGSEND = YES;
				GCC_C_LANGUAGE_STANDARD = gnu11;
				GCC_NO_COMMON_BLOCKS = YES;
				GCC_WARN_64_TO_32_BIT_CONVERSION = YES;
				GCC_WARN_ABOUT_RETURN_TYPE = YES_ERROR;
				GCC_WARN_UNDECLARED_SELECTOR = YES;
				GCC_WARN_UNINITIALIZED_AUTOS = YES_AGGRESSIVE;
				GCC_WARN_UNUSED_FUNCTION = YES;
				GCC_WARN_UNUSED_VARIABLE = YES;
				IPHONEOS_DEPLOYMENT_TARGET = 11.0;
				MTL_ENABLE_DEBUG_INFO = NO;
				SDKROOT = iphoneos;
				SWIFT_OPTIMIZATION_LEVEL = "-Owholemodule";
				VALIDATE_PRODUCT = YES;
			};
			name = Release;
		};
		4E35AFA41F05067C0007B209 /* Debug */ = {
			isa = XCBuildConfiguration;
			buildSettings = {
				ASSETCATALOG_COMPILER_APPICON_NAME = AppIcon;
				DEVELOPMENT_TEAM = 65CM5MVFUV;
				INFOPLIST_FILE = SaveTheKittens/Info.plist;
				LD_RUNPATH_SEARCH_PATHS = "$(inherited) @executable_path/Frameworks";
				PRODUCT_BUNDLE_IDENTIFIER = com.guid3d.SaveTheKittens;
				PRODUCT_NAME = "$(TARGET_NAME)";
				SWIFT_VERSION = 4.0;
				TARGETED_DEVICE_FAMILY = "1,2";
			};
			name = Debug;
		};
		4E35AFA51F05067C0007B209 /* Release */ = {
			isa = XCBuildConfiguration;
			buildSettings = {
				ASSETCATALOG_COMPILER_APPICON_NAME = AppIcon;
				DEVELOPMENT_TEAM = 65CM5MVFUV;
				INFOPLIST_FILE = SaveTheKittens/Info.plist;
				LD_RUNPATH_SEARCH_PATHS = "$(inherited) @executable_path/Frameworks";
				PRODUCT_BUNDLE_IDENTIFIER = com.guid3d.SaveTheKittens;
				PRODUCT_NAME = "$(TARGET_NAME)";
				SWIFT_VERSION = 4.0;
				TARGETED_DEVICE_FAMILY = "1,2";
			};
			name = Release;
		};
		4E35AFA71F05067C0007B209 /* Debug */ = {
			isa = XCBuildConfiguration;
			buildSettings = {
				ALWAYS_EMBED_SWIFT_STANDARD_LIBRARIES = YES;
				BUNDLE_LOADER = "$(TEST_HOST)";
				DEVELOPMENT_TEAM = 65CM5MVFUV;
				INFOPLIST_FILE = SaveTheKittensTests/Info.plist;
				LD_RUNPATH_SEARCH_PATHS = "$(inherited) @executable_path/Frameworks @loader_path/Frameworks";
				PRODUCT_BUNDLE_IDENTIFIER = com.guid3d.SaveTheKittensTests;
				PRODUCT_NAME = "$(TARGET_NAME)";
				SWIFT_VERSION = 4.0;
				TARGETED_DEVICE_FAMILY = "1,2";
				TEST_HOST = "$(BUILT_PRODUCTS_DIR)/SaveTheKittens.app/SaveTheKittens";
			};
			name = Debug;
		};
		4E35AFA81F05067C0007B209 /* Release */ = {
			isa = XCBuildConfiguration;
			buildSettings = {
				ALWAYS_EMBED_SWIFT_STANDARD_LIBRARIES = YES;
				BUNDLE_LOADER = "$(TEST_HOST)";
				DEVELOPMENT_TEAM = 65CM5MVFUV;
				INFOPLIST_FILE = SaveTheKittensTests/Info.plist;
				LD_RUNPATH_SEARCH_PATHS = "$(inherited) @executable_path/Frameworks @loader_path/Frameworks";
				PRODUCT_BUNDLE_IDENTIFIER = com.guid3d.SaveTheKittensTests;
				PRODUCT_NAME = "$(TARGET_NAME)";
				SWIFT_VERSION = 4.0;
				TARGETED_DEVICE_FAMILY = "1,2";
				TEST_HOST = "$(BUILT_PRODUCTS_DIR)/SaveTheKittens.app/SaveTheKittens";
			};
			name = Release;
		};
		4E35AFAA1F05067C0007B209 /* Debug */ = {
			isa = XCBuildConfiguration;
			buildSettings = {
				ALWAYS_EMBED_SWIFT_STANDARD_LIBRARIES = YES;
				DEVELOPMENT_TEAM = 65CM5MVFUV;
				INFOPLIST_FILE = SaveTheKittensUITests/Info.plist;
				LD_RUNPATH_SEARCH_PATHS = "$(inherited) @executable_path/Frameworks @loader_path/Frameworks";
				PRODUCT_BUNDLE_IDENTIFIER = com.guid3d.SaveTheKittensUITests;
				PRODUCT_NAME = "$(TARGET_NAME)";
				SWIFT_VERSION = 4.0;
				TARGETED_DEVICE_FAMILY = "1,2";
				TEST_TARGET_NAME = SaveTheKittens;
			};
			name = Debug;
		};
		4E35AFAB1F05067C0007B209 /* Release */ = {
			isa = XCBuildConfiguration;
			buildSettings = {
				ALWAYS_EMBED_SWIFT_STANDARD_LIBRARIES = YES;
				DEVELOPMENT_TEAM = 65CM5MVFUV;
				INFOPLIST_FILE = SaveTheKittensUITests/Info.plist;
				LD_RUNPATH_SEARCH_PATHS = "$(inherited) @executable_path/Frameworks @loader_path/Frameworks";
				PRODUCT_BUNDLE_IDENTIFIER = com.guid3d.SaveTheKittensUITests;
				PRODUCT_NAME = "$(TARGET_NAME)";
				SWIFT_VERSION = 4.0;
				TARGETED_DEVICE_FAMILY = "1,2";
				TEST_TARGET_NAME = SaveTheKittens;
			};
			name = Release;
		};
/* End XCBuildConfiguration section */

/* Begin XCConfigurationList section */
		4E35AF761F05067B0007B209 /* Build configuration list for PBXProject "SaveTheKittens" */ = {
			isa = XCConfigurationList;
			buildConfigurations = (
				4E35AFA11F05067C0007B209 /* Debug */,
				4E35AFA21F05067C0007B209 /* Release */,
			);
			defaultConfigurationIsVisible = 0;
			defaultConfigurationName = Release;
		};
		4E35AFA31F05067C0007B209 /* Build configuration list for PBXNativeTarget "SaveTheKittens" */ = {
			isa = XCConfigurationList;
			buildConfigurations = (
				4E35AFA41F05067C0007B209 /* Debug */,
				4E35AFA51F05067C0007B209 /* Release */,
			);
			defaultConfigurationIsVisible = 0;
		};
		4E35AFA61F05067C0007B209 /* Build configuration list for PBXNativeTarget "SaveTheKittensTests" */ = {
			isa = XCConfigurationList;
			buildConfigurations = (
				4E35AFA71F05067C0007B209 /* Debug */,
				4E35AFA81F05067C0007B209 /* Release */,
			);
			defaultConfigurationIsVisible = 0;
		};
		4E35AFA91F05067C0007B209 /* Build configuration list for PBXNativeTarget "SaveTheKittensUITests" */ = {
			isa = XCConfigurationList;
			buildConfigurations = (
				4E35AFAA1F05067C0007B209 /* Debug */,
				4E35AFAB1F05067C0007B209 /* Release */,
			);
			defaultConfigurationIsVisible = 0;
		};
/* End XCConfigurationList section */
	};
	rootObject = 4E35AF731F05067B0007B209 /* Project object */;
}
